
Microsoft Visual Studio Solution File, Format Version 12.00
# Visual Studio Version 16
VisualStudioVersion = 16.0.29806.167
MinimumVisualStudioVersion = 10.0.40219.1
Project("{9A19103F-16F7-4668-BE54-9A1E7A4F7556}") = "Men.Telegram.ClientApi", "Men.Telegram.ClientApi\Men.Telegram.ClientApi.csproj", "{06C702E1-A195-4BCC-9877-9435C52AB96D}"
EndProject
Project("{FAE04EC0-301F-11D3-BF4B-00C04F79EFBC}") = "Men.Telegram.ClientApi.Generator", "Men.Telegram.ClientApi.Generator\Men.Telegram.ClientApi.Generator.csproj", "{F0917D1A-AF3B-4C6D-946F-D0A76D76B1AE}"
EndProject
Project("{FAE04EC0-301F-11D3-BF4B-00C04F79EFBC}") = "Men.Telegram.ClientApi.Tests", "Men.Telegram.ClientApi.Tests\Men.Telegram.ClientApi.Tests.csproj", "{C235BEEB-AC75-4F0F-A0FE-CEAD36A59051}"
EndProject
Global
	GlobalSection(SolutionConfigurationPlatforms) = preSolution
		Debug|Any CPU = Debug|Any CPU
		Release|Any CPU = Release|Any CPU
	EndGlobalSection
	GlobalSection(ProjectConfigurationPlatforms) = postSolution
		{06C702E1-A195-4BCC-9877-9435C52AB96D}.Debug|Any CPU.ActiveCfg = Debug|Any CPU
		{06C702E1-A195-4BCC-9877-9435C52AB96D}.Debug|Any CPU.Build.0 = Debug|Any CPU
		{06C702E1-A195-4BCC-9877-9435C52AB96D}.Release|Any CPU.ActiveCfg = Release|Any CPU
		{06C702E1-A195-4BCC-9877-9435C52AB96D}.Release|Any CPU.Build.0 = Release|Any CPU
		{F0917D1A-AF3B-4C6D-946F-D0A76D76B1AE}.Debug|Any CPU.ActiveCfg = Debug|Any CPU
		{F0917D1A-AF3B-4C6D-946F-D0A76D76B1AE}.Debug|Any CPU.Build.0 = Debug|Any CPU
		{F0917D1A-AF3B-4C6D-946F-D0A76D76B1AE}.Release|Any CPU.ActiveCfg = Release|Any CPU
		{F0917D1A-AF3B-4C6D-946F-D0A76D76B1AE}.Release|Any CPU.Build.0 = Release|Any CPU
		{C235BEEB-AC75-4F0F-A0FE-CEAD36A59051}.Debug|Any CPU.ActiveCfg = Debug|Any CPU
		{C235BEEB-AC75-4F0F-A0FE-CEAD36A59051}.Debug|Any CPU.Build.0 = Debug|Any CPU
		{C235BEEB-AC75-4F0F-A0FE-CEAD36A59051}.Release|Any CPU.ActiveCfg = Release|Any CPU
		{C235BEEB-AC75-4F0F-A0FE-CEAD36A59051}.Release|Any CPU.Build.0 = Release|Any CPU
	EndGlobalSection
	GlobalSection(SolutionProperties) = preSolution
		HideSolutionNode = FALSE
	EndGlobalSection
	GlobalSection(ExtensibilityGlobals) = postSolution
		SolutionGuid = {8221E04A-948D-4935-9FC7-5524547E7C0F}
	EndGlobalSection
EndGlobal
